
Microsoft Visual Studio Solution File, Format Version 12.00
# Visual Studio 15
VisualStudioVersion = 15.0.28307.902
MinimumVisualStudioVersion = 10.0.40219.1
Project("{FAE04EC0-301F-11D3-BF4B-00C04F79EFBC}") = "MyPinterestVersion", "MyPinterestVersion\MyPinterestVersion.csproj", "{5F7F50BB-D60B-4D05-9684-FCB8A52FD95E}"
EndProject
Global
	GlobalSection(SolutionConfigurationPlatforms) = preSolution
		Debug|Any CPU = Debug|Any CPU
		Release|Any CPU = Release|Any CPU
	EndGlobalSection
	GlobalSection(ProjectConfigurationPlatforms) = postSolution
		{5F7F50BB-D60B-4D05-9684-FCB8A52FD95E}.Debug|Any CPU.ActiveCfg = Debug|Any CPU
		{5F7F50BB-D60B-4D05-9684-FCB8A52FD95E}.Debug|Any CPU.Build.0 = Debug|Any CPU
		{5F7F50BB-D60B-4D05-9684-FCB8A52FD95E}.Release|Any CPU.ActiveCfg = Release|Any CPU
		{5F7F50BB-D60B-4D05-9684-FCB8A52FD95E}.Release|Any CPU.Build.0 = Release|Any CPU
	EndGlobalSection
	GlobalSection(SolutionProperties) = preSolution
		HideSolutionNode = FALSE
	EndGlobalSection
	GlobalSection(ExtensibilityGlobals) = postSolution
		SolutionGuid = {25529A21-063A-4514-A933-FCEB0E001AC1}
	EndGlobalSection
EndGlobal
